
Microsoft Visual Studio Solution File, Format Version 12.00
# Visual Studio 15
VisualStudioVersion = 15.0.28307.168
MinimumVisualStudioVersion = 10.0.40219.1
Project("{FAE04EC0-301F-11D3-BF4B-00C04F79EFBC}") = "Common_Digit", "Common_Digit\Common_Digit.csproj", "{215ED5C2-4C96-4E77-82B1-AD12EA3ACFAB}"
EndProject
Global
	GlobalSection(SolutionConfigurationPlatforms) = preSolution
		Debug|Any CPU = Debug|Any CPU
		Release|Any CPU = Release|Any CPU
	EndGlobalSection
	GlobalSection(ProjectConfigurationPlatforms) = postSolution
		{215ED5C2-4C96-4E77-82B1-AD12EA3ACFAB}.Debug|Any CPU.ActiveCfg = Debug|Any CPU
		{215ED5C2-4C96-4E77-82B1-AD12EA3ACFAB}.Debug|Any CPU.Build.0 = Debug|Any CPU
		{215ED5C2-4C96-4E77-82B1-AD12EA3ACFAB}.Release|Any CPU.ActiveCfg = Release|Any CPU
		{215ED5C2-4C96-4E77-82B1-AD12EA3ACFAB}.Release|Any CPU.Build.0 = Release|Any CPU
	EndGlobalSection
	GlobalSection(SolutionProperties) = preSolution
		HideSolutionNode = FALSE
	EndGlobalSection
	GlobalSection(ExtensibilityGlobals) = postSolution
		SolutionGuid = {B9CB26AB-9005-43E0-9D6F-1E366B94D99D}
	EndGlobalSection
EndGlobal
