
Microsoft Visual Studio Solution File, Format Version 12.00
# Visual Studio 15
VisualStudioVersion = 15.0.28307.168
MinimumVisualStudioVersion = 10.0.40219.1
Project("{FAE04EC0-301F-11D3-BF4B-00C04F79EFBC}") = "Digit_Sum", "Digit_Sum\Digit_Sum.csproj", "{43FB218D-893C-4B56-83C6-9A1A119F04A0}"
EndProject
Global
	GlobalSection(SolutionConfigurationPlatforms) = preSolution
		Debug|Any CPU = Debug|Any CPU
		Release|Any CPU = Release|Any CPU
	EndGlobalSection
	GlobalSection(ProjectConfigurationPlatforms) = postSolution
		{43FB218D-893C-4B56-83C6-9A1A119F04A0}.Debug|Any CPU.ActiveCfg = Debug|Any CPU
		{43FB218D-893C-4B56-83C6-9A1A119F04A0}.Debug|Any CPU.Build.0 = Debug|Any CPU
		{43FB218D-893C-4B56-83C6-9A1A119F04A0}.Release|Any CPU.ActiveCfg = Release|Any CPU
		{43FB218D-893C-4B56-83C6-9A1A119F04A0}.Release|Any CPU.Build.0 = Release|Any CPU
	EndGlobalSection
	GlobalSection(SolutionProperties) = preSolution
		HideSolutionNode = FALSE
	EndGlobalSection
	GlobalSection(ExtensibilityGlobals) = postSolution
		SolutionGuid = {1054A094-D466-4AD2-B685-D10853719F32}
	EndGlobalSection
EndGlobal
